
Microsoft Visual Studio Solution File, Format Version 12.00
# Visual Studio Version 16
VisualStudioVersion = 16.0.32228.343
MinimumVisualStudioVersion = 10.0.40219.1
Project("{FAE04EC0-301F-11D3-BF4B-00C04F79EFBC}") = "ConsoleApp1", "ConsoleApp1\ConsoleApp1.csproj", "{8943D0FF-ACB6-4841-A90B-A3CB4E72A1C8}"
EndProject
Global
	GlobalSection(SolutionConfigurationPlatforms) = preSolution
		Debug|Any CPU = Debug|Any CPU
		Release|Any CPU = Release|Any CPU
	EndGlobalSection
	GlobalSection(ProjectConfigurationPlatforms) = postSolution
		{8943D0FF-ACB6-4841-A90B-A3CB4E72A1C8}.Debug|Any CPU.ActiveCfg = Debug|Any CPU
		{8943D0FF-ACB6-4841-A90B-A3CB4E72A1C8}.Debug|Any CPU.Build.0 = Debug|Any CPU
		{8943D0FF-ACB6-4841-A90B-A3CB4E72A1C8}.Release|Any CPU.ActiveCfg = Release|Any CPU
		{8943D0FF-ACB6-4841-A90B-A3CB4E72A1C8}.Release|Any CPU.Build.0 = Release|Any CPU
	EndGlobalSection
	GlobalSection(SolutionProperties) = preSolution
		HideSolutionNode = FALSE
	EndGlobalSection
	GlobalSection(ExtensibilityGlobals) = postSolution
		SolutionGuid = {EEF1073E-C5DC-4665-883E-C37F59E063E6}
	EndGlobalSection
EndGlobal
